
Microsoft Visual Studio Solution File, Format Version 12.00
# Visual Studio Version 17
VisualStudioVersion = 17.9.34728.123
MinimumVisualStudioVersion = 10.0.40219.1
Project("{FAE04EC0-301F-11D3-BF4B-00C04F79EFBC}") = "Arreglos", "Arreglos.csproj", "{53700ABD-EF9C-4464-B602-0F47BA43C929}"
EndProject
Global
	GlobalSection(SolutionConfigurationPlatforms) = preSolution
		Debug|Any CPU = Debug|Any CPU
		Release|Any CPU = Release|Any CPU
	EndGlobalSection
	GlobalSection(ProjectConfigurationPlatforms) = postSolution
		{53700ABD-EF9C-4464-B602-0F47BA43C929}.Debug|Any CPU.ActiveCfg = Debug|Any CPU
		{53700ABD-EF9C-4464-B602-0F47BA43C929}.Debug|Any CPU.Build.0 = Debug|Any CPU
		{53700ABD-EF9C-4464-B602-0F47BA43C929}.Release|Any CPU.ActiveCfg = Release|Any CPU
		{53700ABD-EF9C-4464-B602-0F47BA43C929}.Release|Any CPU.Build.0 = Release|Any CPU
	EndGlobalSection
	GlobalSection(SolutionProperties) = preSolution
		HideSolutionNode = FALSE
	EndGlobalSection
	GlobalSection(ExtensibilityGlobals) = postSolution
		SolutionGuid = {33F57C98-8A95-4008-9484-D331B139ADA9}
	EndGlobalSection
EndGlobal
